// !$*UTF8*$!
{
	archiveVersion = 1;
	classes = {
	};
	objectVersion = 50;
	objects = {

/* Begin PBXBuildFile section */
		645932FD22EAC9B700E0C24C /* AppDelegate.m in Sources */ = {isa = PBXBuildFile; fileRef = 645932FC22EAC9B700E0C24C /* AppDelegate.m */; };
		6459330022EAC9B700E0C24C /* ViewController.m in Sources */ = {isa = PBXBuildFile; fileRef = 645932FF22EAC9B700E0C24C /* ViewController.m */; };
		6459330322EAC9B700E0C24C /* Main.storyboard in Resources */ = {isa = PBXBuildFile; fileRef = 6459330122EAC9B700E0C24C /* Main.storyboard */; };
		6459330522EAC9B800E0C24C /* Assets.xcassets in Resources */ = {isa = PBXBuildFile; fileRef = 6459330422EAC9B800E0C24C /* Assets.xcassets */; };
		6459330822EAC9B800E0C24C /* LaunchScreen.storyboard in Resources */ = {isa = PBXBuildFile; fileRef = 6459330622EAC9B800E0C24C /* LaunchScreen.storyboard */; };
		6459330B22EAC9B800E0C24C /* main.m in Sources */ = {isa = PBXBuildFile; fileRef = 6459330A22EAC9B800E0C24C /* main.m */; };
/* End PBXBuildFile section */

/* Begin PBXFileReference section */
		645932F822EAC9B700E0C24C /* UIViewController基础.app */ = {isa = PBXFileReference; explicitFileType = wrapper.application; includeInIndex = 0; path = "UIViewController基础.app"; sourceTree = BUILT_PRODUCTS_DIR; };
		645932FB22EAC9B700E0C24C /* AppDelegate.h */ = {isa = PBXFileReference; lastKnownFileType = sourcecode.c.h; path = AppDelegate.h; sourceTree = "<group>"; };
		645932FC22EAC9B700E0C24C /* AppDelegate.m */ = {isa = PBXFileReference; lastKnownFileType = sourcecode.c.objc; path = AppDelegate.m; sourceTree = "<group>"; };
		645932FE22EAC9B700E0C24C /* ViewController.h */ = {isa = PBXFileReference; lastKnownFileType = sourcecode.c.h; path = ViewController.h; sourceTree = "<group>"; };
		645932FF22EAC9B700E0C24C /* ViewController.m */ = {isa = PBXFileReference; lastKnownFileType = sourcecode.c.objc; path = ViewController.m; sourceTree = "<group>"; };
		6459330222EAC9B700E0C24C /* Base */ = {isa = PBXFileReference; lastKnownFileType = file.storyboard; name = Base; path = Base.lproj/Main.storyboard; sourceTree = "<group>"; };
		6459330422EAC9B800E0C24C /* Assets.xcassets */ = {isa = PBXFileReference; lastKnownFileType = folder.assetcatalog; path = Assets.xcassets; sourceTree = "<group>"; };
		6459330722EAC9B800E0C24C /* Base */ = {isa = PBXFileReference; lastKnownFileType = file.storyboard; name = Base; path = Base.lproj/LaunchScreen.storyboard; sourceTree = "<group>"; };
		6459330922EAC9B800E0C24C /* Info.plist */ = {isa = PBXFileReference; lastKnownFileType = text.plist.xml; path = Info.plist; sourceTree = "<group>"; };
		6459330A22EAC9B800E0C24C /* main.m */ = {isa = PBXFileReference; lastKnownFileType = sourcecode.c.objc; path = main.m; sourceTree = "<group>"; };
/* End PBXFileReference section */

/* Begin PBXFrameworksBuildPhase section */
		645932F522EAC9B700E0C24C /* Frameworks */ = {
			isa = PBXFrameworksBuildPhase;
			buildActionMask = 2147483647;
			files = (
			);
			runOnlyForDeploymentPostprocessing = 0;
		};
/* End PBXFrameworksBuildPhase section */

/* Begin PBXGroup section */
		645932EF22EAC9B700E0C24C = {
			isa = PBXGroup;
			children = (
				645932FA22EAC9B700E0C24C /* UIViewController基础 */,
				645932F922EAC9B700E0C24C /* Products */,
			);
			sourceTree = "<group>";
		};
		645932F922EAC9B700E0C24C /* Products */ = {
			isa = PBXGroup;
			children = (
				645932F822EAC9B700E0C24C /* UIViewController基础.app */,
			);
			name = Products;
			sourceTree = "<group>";
		};
		645932FA22EAC9B700E0C24C /* UIViewController基础 */ = {
			isa = PBXGroup;
			children = (
				645932FB22EAC9B700E0C24C /* AppDelegate.h */,
				645932FC22EAC9B700E0C24C /* AppDelegate.m */,
				645932FE22EAC9B700E0C24C /* ViewController.h */,
				645932FF22EAC9B700E0C24C /* ViewController.m */,
				6459330122EAC9B700E0C24C /* Main.storyboard */,
				6459330422EAC9B800E0C24C /* Assets.xcassets */,
				6459330622EAC9B800E0C24C /* LaunchScreen.storyboard */,
				6459330922EAC9B800E0C24C /* Info.plist */,
				6459330A22EAC9B800E0C24C /* main.m */,
			);
			path = "UIViewController基础";
			sourceTree = "<group>";
		};
/* End PBXGroup section */

/* Begin PBXNativeTarget section */
		645932F722EAC9B700E0C24C /* UIViewController基础 */ = {
			isa = PBXNativeTarget;
			buildConfigurationList = 6459330E22EAC9B800E0C24C /* Build configuration list for PBXNativeTarget "UIViewController基础" */;
			buildPhases = (
				645932F422EAC9B700E0C24C /* Sources */,
				645932F522EAC9B700E0C24C /* Frameworks */,
				645932F622EAC9B700E0C24C /* Resources */,
			);
			buildRules = (
			);
			dependencies = (
			);
			name = "UIViewController基础";
			productName = "UIViewController基础";
			productReference = 645932F822EAC9B700E0C24C /* UIViewController基础.app */;
			productType = "com.apple.product-type.application";
		};
/* End PBXNativeTarget section */

/* Begin PBXProject section */
		645932F022EAC9B700E0C24C /* Project object */ = {
			isa = PBXProject;
			attributes = {
				LastUpgradeCheck = 0930;
				ORGANIZATIONNAME = Civet;
				TargetAttributes = {
					645932F722EAC9B700E0C24C = {
						CreatedOnToolsVersion = 9.3.1;
					};
				};
			};
			buildConfigurationList = 645932F322EAC9B700E0C24C /* Build configuration list for PBXProject "UIViewController基础" */;
			compatibilityVersion = "Xcode 9.3";
			developmentRegion = en;
			hasScannedForEncodings = 0;
			knownRegions = (
				en,
				Base,
			);
			mainGroup = 645932EF22EAC9B700E0C24C;
			productRefGroup = 645932F922EAC9B700E0C24C /* Products */;
			projectDirPath = "";
			projectRoot = "";
			targets = (
				645932F722EAC9B700E0C24C /* UIViewController基础 */,
			);
		};
/* End PBXProject section */

/* Begin PBXResourcesBuildPhase section */
		645932F622EAC9B700E0C24C /* Resources */ = {
			isa = PBXResourcesBuildPhase;
			buildActionMask = 2147483647;
			files = (
				6459330822EAC9B800E0C24C /* LaunchScreen.storyboard in Resources */,
				6459330522EAC9B800E0C24C /* Assets.xcassets in Resources */,
				6459330322EAC9B700E0C24C /* Main.storyboard in Resources */,
			);
			runOnlyForDeploymentPostprocessing = 0;
		};
/* End PBXResourcesBuildPhase section */

/* Begin PBXSourcesBuildPhase section */
		645932F422EAC9B700E0C24C /* Sources */ = {
			isa = PBXSourcesBuildPhase;
			buildActionMask = 2147483647;
			files = (
				6459330022EAC9B700E0C24C /* ViewController.m in Sources */,
				6459330B22EAC9B800E0C24C /* main.m in Sources */,
				645932FD22EAC9B700E0C24C /* AppDelegate.m in Sources */,
			);
			runOnlyForDeploymentPostprocessing = 0;
		};
/* End PBXSourcesBuildPhase section */

/* Begin PBXVariantGroup section */
		6459330122EAC9B700E0C24C /* Main.storyboard */ = {
			isa = PBXVariantGroup;
			children = (
				6459330222EAC9B700E0C24C /* Base */,
			);
			name = Main.storyboard;
			sourceTree = "<group>";
		};
		6459330622EAC9B800E0C24C /* LaunchScreen.storyboard */ = {
			isa = PBXVariantGroup;
			children = (
				6459330722EAC9B800E0C24C /* Base */,
			);
			name = LaunchScreen.storyboard;
			sourceTree = "<group>";
		};
/* End PBXVariantGroup section */

/* Begin XCBuildConfiguration section */
		6459330C22EAC9B800E0C24C /* Debug */ = {
			isa = XCBuildConfiguration;
			buildSettings = {
				ALWAYS_SEARCH_USER_PATHS = NO;
				CLANG_ANALYZER_NONNULL = YES;
				CLANG_ANALYZER_NUMBER_OBJECT_CONVERSION = YES_AGGRESSIVE;
				CLANG_CXX_LANGUAGE_STANDARD = "gnu++14";
				CLANG_CXX_LIBRARY = "libc++";
				CLANG_ENABLE_MODULES = YES;
				CLANG_ENABLE_OBJC_ARC = YES;
				CLANG_ENABLE_OBJC_WEAK = YES;
				CLANG_WARN_BLOCK_CAPTURE_AUTORELEASING = YES;
				CLANG_WARN_BOOL_CONVERSION = YES;
				CLANG_WARN_COMMA = YES;
				CLANG_WARN_CONSTANT_CONVERSION = YES;
				CLANG_WARN_DEPRECATED_OBJC_IMPLEMENTATIONS = YES;
				CLANG_WARN_DIRECT_OBJC_ISA_USAGE = YES_ERROR;
				CLANG_WARN_DOCUMENTATION_COMMENTS = YES;
				CLANG_WARN_EMPTY_BODY = YES;
				CLANG_WARN_ENUM_CONVERSION = YES;
				CLANG_WARN_INFINITE_RECURSION = YES;
				CLANG_WARN_INT_CONVERSION = YES;
				CLANG_WARN_NON_LITERAL_NULL_CONVERSION = YES;
				CLANG_WARN_OBJC_IMPLICIT_RETAIN_SELF = YES;
				CLANG_WARN_OBJC_LITERAL_CONVERSION = YES;
				CLANG_WARN_OBJC_ROOT_CLASS = YES_ERROR;
				CLANG_WARN_RANGE_LOOP_ANALYSIS = YES;
				CLANG_WARN_STRICT_PROTOTYPES = YES;
				CLANG_WARN_SUSPICIOUS_MOVE = YES;
				CLANG_WARN_UNGUARDED_AVAILABILITY = YES_AGGRESSIVE;
				CLANG_WARN_UNREACHABLE_CODE = YES;
				CLANG_WARN__DUPLICATE_METHOD_MATCH = YES;
				CODE_SIGN_IDENTITY = "iPhone Developer";
				COPY_PHASE_STRIP = NO;
				DEBUG_INFORMATION_FORMAT = dwarf;
				ENABLE_STRICT_OBJC_MSGSEND = YES;
				ENABLE_TESTABILITY = YES;
				GCC_C_LANGUAGE_STANDARD = gnu11;
				GCC_DYNAMIC_NO_PIC = NO;
				GCC_NO_COMMON_BLOCKS = YES;
				GCC_OPTIMIZATION_LEVEL = 0;
				GCC_PREPROCESSOR_DEFINITIONS = (
					"DEBUG=1",
					"$(inherited)",
				);
				GCC_WARN_64_TO_32_BIT_CONVERSION = YES;
				GCC_WARN_ABOUT_RETURN_TYPE = YES_ERROR;
				GCC_WARN_UNDECLARED_SELECTOR = YES;
				GCC_WARN_UNINITIALIZED_AUTOS = YES_AGGRESSIVE;
				GCC_WARN_UNUSED_FUNCTION = YES;
				GCC_WARN_UNUSED_VARIABLE = YES;
				IPHONEOS_DEPLOYMENT_TARGET = 11.3;
				MTL_ENABLE_DEBUG_INFO = YES;
				ONLY_ACTIVE_ARCH = YES;
				SDKROOT = iphoneos;
			};
			name = Debug;
		};
		6459330D22EAC9B800E0C24C /* Release */ = {
			isa = XCBuildConfiguration;
			buildSettings = {
				ALWAYS_SEARCH_USER_PATHS = NO;
				CLANG_ANALYZER_NONNULL = YES;
				CLANG_ANALYZER_NUMBER_OBJECT_CONVERSION = YES_AGGRESSIVE;
				CLANG_CXX_LANGUAGE_STANDARD = "gnu++14";
				CLANG_CXX_LIBRARY = "libc++";
				CLANG_ENABLE_MODULES = YES;
				CLANG_ENABLE_OBJC_ARC = YES;
				CLANG_ENABLE_OBJC_WEAK = YES;
				CLANG_WARN_BLOCK_CAPTURE_AUTORELEASING = YES;
				CLANG_WARN_BOOL_CONVERSION = YES;
				CLANG_WARN_COMMA = YES;
				CLANG_WARN_CONSTANT_CONVERSION = YES;
				CLANG_WARN_DEPRECATED_OBJC_IMPLEMENTATIONS = YES;
				CLANG_WARN_DIRECT_OBJC_ISA_USAGE = YES_ERROR;
				CLANG_WARN_DOCUMENTATION_COMMENTS = YES;
				CLANG_WARN_EMPTY_BODY = YES;
				CLANG_WARN_ENUM_CONVERSION = YES;
				CLANG_WARN_INFINITE_RECURSION = YES;
				CLANG_WARN_INT_CONVERSION = YES;
				CLANG_WARN_NON_LITERAL_NULL_CONVERSION = YES;
				CLANG_WARN_OBJC_IMPLICIT_RETAIN_SELF = YES;
				CLANG_WARN_OBJC_LITERAL_CONVERSION = YES;
				CLANG_WARN_OBJC_ROOT_CLASS = YES_ERROR;
				CLANG_WARN_RANGE_LOOP_ANALYSIS = YES;
				CLANG_WARN_STRICT_PROTOTYPES = YES;
				CLANG_WARN_SUSPICIOUS_MOVE = YES;
				CLANG_WARN_UNGUARDED_AVAILABILITY = YES_AGGRESSIVE;
				CLANG_WARN_UNREACHABLE_CODE = YES;
				CLANG_WARN__DUPLICATE_METHOD_MATCH = YES;
				CODE_SIGN_IDENTITY = "iPhone Developer";
				COPY_PHASE_STRIP = NO;
				DEBUG_INFORMATION_FORMAT = "dwarf-with-dsym";
				ENABLE_NS_ASSERTIONS = NO;
				ENABLE_STRICT_OBJC_MSGSEND = YES;
				GCC_C_LANGUAGE_STANDARD = gnu11;
				GCC_NO_COMMON_BLOCKS = YES;
				GCC_WARN_64_TO_32_BIT_CONVERSION = YES;
				GCC_WARN_ABOUT_RETURN_TYPE = YES_ERROR;
				GCC_WARN_UNDECLARED_SELECTOR = YES;
				GCC_WARN_UNINITIALIZED_AUTOS = YES_AGGRESSIVE;
				GCC_WARN_UNUSED_FUNCTION = YES;
				GCC_WARN_UNUSED_VARIABLE = YES;
				IPHONEOS_DEPLOYMENT_TARGET = 11.3;
				MTL_ENABLE_DEBUG_INFO = NO;
				SDKROOT = iphoneos;
				VALIDATE_PRODUCT = YES;
			};
			name = Release;
		};
		6459330F22EAC9B800E0C24C /* Debug */ = {
			isa = XCBuildConfiguration;
			buildSettings = {
				ASSETCATALOG_COMPILER_APPICON_NAME = AppIcon;
				CODE_SIGN_STYLE = Automatic;
				INFOPLIST_FILE = "UIViewController基础/Info.plist";
				LD_RUNPATH_SEARCH_PATHS = (
					"$(inherited)",
					"@executable_path/Frameworks",
				);
				PRODUCT_BUNDLE_IDENTIFIER = "DEMO.UIViewController--";
				PRODUCT_NAME = "$(TARGET_NAME)";
				TARGETED_DEVICE_FAMILY = "1,2";
			};
			name = Debug;
		};
		6459331022EAC9B800E0C24C /* Release */ = {
			isa = XCBuildConfiguration;
			buildSettings = {
				ASSETCATALOG_COMPILER_APPICON_NAME = AppIcon;
				CODE_SIGN_STYLE = Automatic;
				INFOPLIST_FILE = "UIViewController基础/Info.plist";
				LD_RUNPATH_SEARCH_PATHS = (
					"$(inherited)",
					"@executable_path/Frameworks",
				);
				PRODUCT_BUNDLE_IDENTIFIER = "DEMO.UIViewController--";
				PRODUCT_NAME = "$(TARGET_NAME)";
				TARGETED_DEVICE_FAMILY = "1,2";
			};
			name = Release;
		};
/* End XCBuildConfiguration section */

/* Begin XCConfigurationList section */
		645932F322EAC9B700E0C24C /* Build configuration list for PBXProject "UIViewController基础" */ = {
			isa = XCConfigurationList;
			buildConfigurations = (
				6459330C22EAC9B800E0C24C /* Debug */,
				6459330D22EAC9B800E0C24C /* Release */,
			);
			defaultConfigurationIsVisible = 0;
			defaultConfigurationName = Release;
		};
		6459330E22EAC9B800E0C24C /* Build configuration list for PBXNativeTarget "UIViewController基础" */ = {
			isa = XCConfigurationList;
			buildConfigurations = (
				6459330F22EAC9B800E0C24C /* Debug */,
				6459331022EAC9B800E0C24C /* Release */,
			);
			defaultConfigurationIsVisible = 0;
			defaultConfigurationName = Release;
		};
/* End XCConfigurationList section */
	};
	rootObject = 645932F022EAC9B700E0C24C /* Project object */;
}
