// !$*UTF8*$!
{
	archiveVersion = 1;
	classes = {
	};
	objectVersion = 50;
	objects = {

/* Begin PBXBuildFile section */
		64090D2622E835C300CBAE1A /* AppDelegate.m in Sources */ = {isa = PBXBuildFile; fileRef = 64090D2522E835C300CBAE1A /* AppDelegate.m */; };
		64090D2922E835C300CBAE1A /* ViewController.m in Sources */ = {isa = PBXBuildFile; fileRef = 64090D2822E835C300CBAE1A /* ViewController.m */; };
		64090D2C22E835C300CBAE1A /* Main.storyboard in Resources */ = {isa = PBXBuildFile; fileRef = 64090D2A22E835C300CBAE1A /* Main.storyboard */; };
		64090D2E22E835CD00CBAE1A /* Assets.xcassets in Resources */ = {isa = PBXBuildFile; fileRef = 64090D2D22E835CD00CBAE1A /* Assets.xcassets */; };
		64090D3122E835CD00CBAE1A /* LaunchScreen.storyboard in Resources */ = {isa = PBXBuildFile; fileRef = 64090D2F22E835CD00CBAE1A /* LaunchScreen.storyboard */; };
		64090D3422E835CD00CBAE1A /* main.m in Sources */ = {isa = PBXBuildFile; fileRef = 64090D3322E835CD00CBAE1A /* main.m */; };
		64090D3E22E835CD00CBAE1A /* Xcode_ProjectTests.m in Sources */ = {isa = PBXBuildFile; fileRef = 64090D3D22E835CD00CBAE1A /* Xcode_ProjectTests.m */; };
		64090D4922E835CD00CBAE1A /* Xcode_ProjectUITests.m in Sources */ = {isa = PBXBuildFile; fileRef = 64090D4822E835CD00CBAE1A /* Xcode_ProjectUITests.m */; };
/* End PBXBuildFile section */

/* Begin PBXContainerItemProxy section */
		64090D3A22E835CD00CBAE1A /* PBXContainerItemProxy */ = {
			isa = PBXContainerItemProxy;
			containerPortal = 64090D1922E835C200CBAE1A /* Project object */;
			proxyType = 1;
			remoteGlobalIDString = 64090D2022E835C300CBAE1A;
			remoteInfo = "Xcode Project";
		};
		64090D4522E835CD00CBAE1A /* PBXContainerItemProxy */ = {
			isa = PBXContainerItemProxy;
			containerPortal = 64090D1922E835C200CBAE1A /* Project object */;
			proxyType = 1;
			remoteGlobalIDString = 64090D2022E835C300CBAE1A;
			remoteInfo = "Xcode Project";
		};
/* End PBXContainerItemProxy section */

/* Begin PBXFileReference section */
		64090D2122E835C300CBAE1A /* Xcode Project.app */ = {isa = PBXFileReference; explicitFileType = wrapper.application; includeInIndex = 0; path = "Xcode Project.app"; sourceTree = BUILT_PRODUCTS_DIR; };
		64090D2422E835C300CBAE1A /* AppDelegate.h */ = {isa = PBXFileReference; lastKnownFileType = sourcecode.c.h; path = AppDelegate.h; sourceTree = "<group>"; };
		64090D2522E835C300CBAE1A /* AppDelegate.m */ = {isa = PBXFileReference; lastKnownFileType = sourcecode.c.objc; path = AppDelegate.m; sourceTree = "<group>"; };
		64090D2722E835C300CBAE1A /* ViewController.h */ = {isa = PBXFileReference; lastKnownFileType = sourcecode.c.h; path = ViewController.h; sourceTree = "<group>"; };
		64090D2822E835C300CBAE1A /* ViewController.m */ = {isa = PBXFileReference; lastKnownFileType = sourcecode.c.objc; path = ViewController.m; sourceTree = "<group>"; };
		64090D2B22E835C300CBAE1A /* Base */ = {isa = PBXFileReference; lastKnownFileType = file.storyboard; name = Base; path = Base.lproj/Main.storyboard; sourceTree = "<group>"; };
		64090D2D22E835CD00CBAE1A /* Assets.xcassets */ = {isa = PBXFileReference; lastKnownFileType = folder.assetcatalog; path = Assets.xcassets; sourceTree = "<group>"; };
		64090D3022E835CD00CBAE1A /* Base */ = {isa = PBXFileReference; lastKnownFileType = file.storyboard; name = Base; path = Base.lproj/LaunchScreen.storyboard; sourceTree = "<group>"; };
		64090D3222E835CD00CBAE1A /* Info.plist */ = {isa = PBXFileReference; lastKnownFileType = text.plist.xml; path = Info.plist; sourceTree = "<group>"; };
		64090D3322E835CD00CBAE1A /* main.m */ = {isa = PBXFileReference; lastKnownFileType = sourcecode.c.objc; path = main.m; sourceTree = "<group>"; };
		64090D3922E835CD00CBAE1A /* Xcode ProjectTests.xctest */ = {isa = PBXFileReference; explicitFileType = wrapper.cfbundle; includeInIndex = 0; path = "Xcode ProjectTests.xctest"; sourceTree = BUILT_PRODUCTS_DIR; };
		64090D3D22E835CD00CBAE1A /* Xcode_ProjectTests.m */ = {isa = PBXFileReference; lastKnownFileType = sourcecode.c.objc; path = Xcode_ProjectTests.m; sourceTree = "<group>"; };
		64090D3F22E835CD00CBAE1A /* Info.plist */ = {isa = PBXFileReference; lastKnownFileType = text.plist.xml; path = Info.plist; sourceTree = "<group>"; };
		64090D4422E835CD00CBAE1A /* Xcode ProjectUITests.xctest */ = {isa = PBXFileReference; explicitFileType = wrapper.cfbundle; includeInIndex = 0; path = "Xcode ProjectUITests.xctest"; sourceTree = BUILT_PRODUCTS_DIR; };
		64090D4822E835CD00CBAE1A /* Xcode_ProjectUITests.m */ = {isa = PBXFileReference; lastKnownFileType = sourcecode.c.objc; path = Xcode_ProjectUITests.m; sourceTree = "<group>"; };
		64090D4A22E835CD00CBAE1A /* Info.plist */ = {isa = PBXFileReference; lastKnownFileType = text.plist.xml; path = Info.plist; sourceTree = "<group>"; };
/* End PBXFileReference section */

/* Begin PBXFrameworksBuildPhase section */
		64090D1E22E835C300CBAE1A /* Frameworks */ = {
			isa = PBXFrameworksBuildPhase;
			buildActionMask = 2147483647;
			files = (
			);
			runOnlyForDeploymentPostprocessing = 0;
		};
		64090D3622E835CD00CBAE1A /* Frameworks */ = {
			isa = PBXFrameworksBuildPhase;
			buildActionMask = 2147483647;
			files = (
			);
			runOnlyForDeploymentPostprocessing = 0;
		};
		64090D4122E835CD00CBAE1A /* Frameworks */ = {
			isa = PBXFrameworksBuildPhase;
			buildActionMask = 2147483647;
			files = (
			);
			runOnlyForDeploymentPostprocessing = 0;
		};
/* End PBXFrameworksBuildPhase section */

/* Begin PBXGroup section */
		64090D1822E835C200CBAE1A = {
			isa = PBXGroup;
			children = (
				64090D2322E835C300CBAE1A /* Xcode Project */,
				64090D3C22E835CD00CBAE1A /* Xcode ProjectTests */,
				64090D4722E835CD00CBAE1A /* Xcode ProjectUITests */,
				64090D2222E835C300CBAE1A /* Products */,
			);
			sourceTree = "<group>";
		};
		64090D2222E835C300CBAE1A /* Products */ = {
			isa = PBXGroup;
			children = (
				64090D2122E835C300CBAE1A /* Xcode Project.app */,
				64090D3922E835CD00CBAE1A /* Xcode ProjectTests.xctest */,
				64090D4422E835CD00CBAE1A /* Xcode ProjectUITests.xctest */,
			);
			name = Products;
			sourceTree = "<group>";
		};
		64090D2322E835C300CBAE1A /* Xcode Project */ = {
			isa = PBXGroup;
			children = (
				64090D2422E835C300CBAE1A /* AppDelegate.h */,
				64090D2522E835C300CBAE1A /* AppDelegate.m */,
				64090D2722E835C300CBAE1A /* ViewController.h */,
				64090D2822E835C300CBAE1A /* ViewController.m */,
				64090D2A22E835C300CBAE1A /* Main.storyboard */,
				64090D2D22E835CD00CBAE1A /* Assets.xcassets */,
				64090D2F22E835CD00CBAE1A /* LaunchScreen.storyboard */,
				64090D3222E835CD00CBAE1A /* Info.plist */,
				64090D3322E835CD00CBAE1A /* main.m */,
			);
			path = "Xcode Project";
			sourceTree = "<group>";
		};
		64090D3C22E835CD00CBAE1A /* Xcode ProjectTests */ = {
			isa = PBXGroup;
			children = (
				64090D3D22E835CD00CBAE1A /* Xcode_ProjectTests.m */,
				64090D3F22E835CD00CBAE1A /* Info.plist */,
			);
			path = "Xcode ProjectTests";
			sourceTree = "<group>";
		};
		64090D4722E835CD00CBAE1A /* Xcode ProjectUITests */ = {
			isa = PBXGroup;
			children = (
				64090D4822E835CD00CBAE1A /* Xcode_ProjectUITests.m */,
				64090D4A22E835CD00CBAE1A /* Info.plist */,
			);
			path = "Xcode ProjectUITests";
			sourceTree = "<group>";
		};
/* End PBXGroup section */

/* Begin PBXNativeTarget section */
		64090D2022E835C300CBAE1A /* Xcode Project */ = {
			isa = PBXNativeTarget;
			buildConfigurationList = 64090D4D22E835CD00CBAE1A /* Build configuration list for PBXNativeTarget "Xcode Project" */;
			buildPhases = (
				64090D1D22E835C300CBAE1A /* Sources */,
				64090D1E22E835C300CBAE1A /* Frameworks */,
				64090D1F22E835C300CBAE1A /* Resources */,
			);
			buildRules = (
			);
			dependencies = (
			);
			name = "Xcode Project";
			productName = "Xcode Project";
			productReference = 64090D2122E835C300CBAE1A /* Xcode Project.app */;
			productType = "com.apple.product-type.application";
		};
		64090D3822E835CD00CBAE1A /* Xcode ProjectTests */ = {
			isa = PBXNativeTarget;
			buildConfigurationList = 64090D5022E835CD00CBAE1A /* Build configuration list for PBXNativeTarget "Xcode ProjectTests" */;
			buildPhases = (
				64090D3522E835CD00CBAE1A /* Sources */,
				64090D3622E835CD00CBAE1A /* Frameworks */,
				64090D3722E835CD00CBAE1A /* Resources */,
			);
			buildRules = (
			);
			dependencies = (
				64090D3B22E835CD00CBAE1A /* PBXTargetDependency */,
			);
			name = "Xcode ProjectTests";
			productName = "Xcode ProjectTests";
			productReference = 64090D3922E835CD00CBAE1A /* Xcode ProjectTests.xctest */;
			productType = "com.apple.product-type.bundle.unit-test";
		};
		64090D4322E835CD00CBAE1A /* Xcode ProjectUITests */ = {
			isa = PBXNativeTarget;
			buildConfigurationList = 64090D5322E835CD00CBAE1A /* Build configuration list for PBXNativeTarget "Xcode ProjectUITests" */;
			buildPhases = (
				64090D4022E835CD00CBAE1A /* Sources */,
				64090D4122E835CD00CBAE1A /* Frameworks */,
				64090D4222E835CD00CBAE1A /* Resources */,
			);
			buildRules = (
			);
			dependencies = (
				64090D4622E835CD00CBAE1A /* PBXTargetDependency */,
			);
			name = "Xcode ProjectUITests";
			productName = "Xcode ProjectUITests";
			productReference = 64090D4422E835CD00CBAE1A /* Xcode ProjectUITests.xctest */;
			productType = "com.apple.product-type.bundle.ui-testing";
		};
/* End PBXNativeTarget section */

/* Begin PBXProject section */
		64090D1922E835C200CBAE1A /* Project object */ = {
			isa = PBXProject;
			attributes = {
				LastUpgradeCheck = 0930;
				ORGANIZATIONNAME = Civet;
				TargetAttributes = {
					64090D2022E835C300CBAE1A = {
						CreatedOnToolsVersion = 9.3.1;
					};
					64090D3822E835CD00CBAE1A = {
						CreatedOnToolsVersion = 9.3.1;
						TestTargetID = 64090D2022E835C300CBAE1A;
					};
					64090D4322E835CD00CBAE1A = {
						CreatedOnToolsVersion = 9.3.1;
						TestTargetID = 64090D2022E835C300CBAE1A;
					};
				};
			};
			buildConfigurationList = 64090D1C22E835C200CBAE1A /* Build configuration list for PBXProject "Xcode Project" */;
			compatibilityVersion = "Xcode 9.3";
			developmentRegion = en;
			hasScannedForEncodings = 0;
			knownRegions = (
				en,
				Base,
			);
			mainGroup = 64090D1822E835C200CBAE1A;
			productRefGroup = 64090D2222E835C300CBAE1A /* Products */;
			projectDirPath = "";
			projectRoot = "";
			targets = (
				64090D2022E835C300CBAE1A /* Xcode Project */,
				64090D3822E835CD00CBAE1A /* Xcode ProjectTests */,
				64090D4322E835CD00CBAE1A /* Xcode ProjectUITests */,
			);
		};
/* End PBXProject section */

/* Begin PBXResourcesBuildPhase section */
		64090D1F22E835C300CBAE1A /* Resources */ = {
			isa = PBXResourcesBuildPhase;
			buildActionMask = 2147483647;
			files = (
				64090D3122E835CD00CBAE1A /* LaunchScreen.storyboard in Resources */,
				64090D2E22E835CD00CBAE1A /* Assets.xcassets in Resources */,
				64090D2C22E835C300CBAE1A /* Main.storyboard in Resources */,
			);
			runOnlyForDeploymentPostprocessing = 0;
		};
		64090D3722E835CD00CBAE1A /* Resources */ = {
			isa = PBXResourcesBuildPhase;
			buildActionMask = 2147483647;
			files = (
			);
			runOnlyForDeploymentPostprocessing = 0;
		};
		64090D4222E835CD00CBAE1A /* Resources */ = {
			isa = PBXResourcesBuildPhase;
			buildActionMask = 2147483647;
			files = (
			);
			runOnlyForDeploymentPostprocessing = 0;
		};
/* End PBXResourcesBuildPhase section */

/* Begin PBXSourcesBuildPhase section */
		64090D1D22E835C300CBAE1A /* Sources */ = {
			isa = PBXSourcesBuildPhase;
			buildActionMask = 2147483647;
			files = (
				64090D2922E835C300CBAE1A /* ViewController.m in Sources */,
				64090D3422E835CD00CBAE1A /* main.m in Sources */,
				64090D2622E835C300CBAE1A /* AppDelegate.m in Sources */,
			);
			runOnlyForDeploymentPostprocessing = 0;
		};
		64090D3522E835CD00CBAE1A /* Sources */ = {
			isa = PBXSourcesBuildPhase;
			buildActionMask = 2147483647;
			files = (
				64090D3E22E835CD00CBAE1A /* Xcode_ProjectTests.m in Sources */,
			);
			runOnlyForDeploymentPostprocessing = 0;
		};
		64090D4022E835CD00CBAE1A /* Sources */ = {
			isa = PBXSourcesBuildPhase;
			buildActionMask = 2147483647;
			files = (
				64090D4922E835CD00CBAE1A /* Xcode_ProjectUITests.m in Sources */,
			);
			runOnlyForDeploymentPostprocessing = 0;
		};
/* End PBXSourcesBuildPhase section */

/* Begin PBXTargetDependency section */
		64090D3B22E835CD00CBAE1A /* PBXTargetDependency */ = {
			isa = PBXTargetDependency;
			target = 64090D2022E835C300CBAE1A /* Xcode Project */;
			targetProxy = 64090D3A22E835CD00CBAE1A /* PBXContainerItemProxy */;
		};
		64090D4622E835CD00CBAE1A /* PBXTargetDependency */ = {
			isa = PBXTargetDependency;
			target = 64090D2022E835C300CBAE1A /* Xcode Project */;
			targetProxy = 64090D4522E835CD00CBAE1A /* PBXContainerItemProxy */;
		};
/* End PBXTargetDependency section */

/* Begin PBXVariantGroup section */
		64090D2A22E835C300CBAE1A /* Main.storyboard */ = {
			isa = PBXVariantGroup;
			children = (
				64090D2B22E835C300CBAE1A /* Base */,
			);
			name = Main.storyboard;
			sourceTree = "<group>";
		};
		64090D2F22E835CD00CBAE1A /* LaunchScreen.storyboard */ = {
			isa = PBXVariantGroup;
			children = (
				64090D3022E835CD00CBAE1A /* Base */,
			);
			name = LaunchScreen.storyboard;
			sourceTree = "<group>";
		};
/* End PBXVariantGroup section */

/* Begin XCBuildConfiguration section */
		64090D4B22E835CD00CBAE1A /* Debug */ = {
			isa = XCBuildConfiguration;
			buildSettings = {
				ALWAYS_SEARCH_USER_PATHS = NO;
				CLANG_ANALYZER_NONNULL = YES;
				CLANG_ANALYZER_NUMBER_OBJECT_CONVERSION = YES_AGGRESSIVE;
				CLANG_CXX_LANGUAGE_STANDARD = "gnu++14";
				CLANG_CXX_LIBRARY = "libc++";
				CLANG_ENABLE_MODULES = YES;
				CLANG_ENABLE_OBJC_ARC = YES;
				CLANG_ENABLE_OBJC_WEAK = YES;
				CLANG_WARN_BLOCK_CAPTURE_AUTORELEASING = YES;
				CLANG_WARN_BOOL_CONVERSION = YES;
				CLANG_WARN_COMMA = YES;
				CLANG_WARN_CONSTANT_CONVERSION = YES;
				CLANG_WARN_DEPRECATED_OBJC_IMPLEMENTATIONS = YES;
				CLANG_WARN_DIRECT_OBJC_ISA_USAGE = YES_ERROR;
				CLANG_WARN_DOCUMENTATION_COMMENTS = YES;
				CLANG_WARN_EMPTY_BODY = YES;
				CLANG_WARN_ENUM_CONVERSION = YES;
				CLANG_WARN_INFINITE_RECURSION = YES;
				CLANG_WARN_INT_CONVERSION = YES;
				CLANG_WARN_NON_LITERAL_NULL_CONVERSION = YES;
				CLANG_WARN_OBJC_IMPLICIT_RETAIN_SELF = YES;
				CLANG_WARN_OBJC_LITERAL_CONVERSION = YES;
				CLANG_WARN_OBJC_ROOT_CLASS = YES_ERROR;
				CLANG_WARN_RANGE_LOOP_ANALYSIS = YES;
				CLANG_WARN_STRICT_PROTOTYPES = YES;
				CLANG_WARN_SUSPICIOUS_MOVE = YES;
				CLANG_WARN_UNGUARDED_AVAILABILITY = YES_AGGRESSIVE;
				CLANG_WARN_UNREACHABLE_CODE = YES;
				CLANG_WARN__DUPLICATE_METHOD_MATCH = YES;
				CODE_SIGN_IDENTITY = "iPhone Developer";
				COPY_PHASE_STRIP = NO;
				DEBUG_INFORMATION_FORMAT = dwarf;
				ENABLE_STRICT_OBJC_MSGSEND = YES;
				ENABLE_TESTABILITY = YES;
				GCC_C_LANGUAGE_STANDARD = gnu11;
				GCC_DYNAMIC_NO_PIC = NO;
				GCC_NO_COMMON_BLOCKS = YES;
				GCC_OPTIMIZATION_LEVEL = 0;
				GCC_PREPROCESSOR_DEFINITIONS = (
					"DEBUG=1",
					"$(inherited)",
				);
				GCC_WARN_64_TO_32_BIT_CONVERSION = YES;
				GCC_WARN_ABOUT_RETURN_TYPE = YES_ERROR;
				GCC_WARN_UNDECLARED_SELECTOR = YES;
				GCC_WARN_UNINITIALIZED_AUTOS = YES_AGGRESSIVE;
				GCC_WARN_UNUSED_FUNCTION = YES;
				GCC_WARN_UNUSED_VARIABLE = YES;
				IPHONEOS_DEPLOYMENT_TARGET = 11.3;
				MTL_ENABLE_DEBUG_INFO = YES;
				ONLY_ACTIVE_ARCH = YES;
				SDKROOT = iphoneos;
			};
			name = Debug;
		};
		64090D4C22E835CD00CBAE1A /* Release */ = {
			isa = XCBuildConfiguration;
			buildSettings = {
				ALWAYS_SEARCH_USER_PATHS = NO;
				CLANG_ANALYZER_NONNULL = YES;
				CLANG_ANALYZER_NUMBER_OBJECT_CONVERSION = YES_AGGRESSIVE;
				CLANG_CXX_LANGUAGE_STANDARD = "gnu++14";
				CLANG_CXX_LIBRARY = "libc++";
				CLANG_ENABLE_MODULES = YES;
				CLANG_ENABLE_OBJC_ARC = YES;
				CLANG_ENABLE_OBJC_WEAK = YES;
				CLANG_WARN_BLOCK_CAPTURE_AUTORELEASING = YES;
				CLANG_WARN_BOOL_CONVERSION = YES;
				CLANG_WARN_COMMA = YES;
				CLANG_WARN_CONSTANT_CONVERSION = YES;
				CLANG_WARN_DEPRECATED_OBJC_IMPLEMENTATIONS = YES;
				CLANG_WARN_DIRECT_OBJC_ISA_USAGE = YES_ERROR;
				CLANG_WARN_DOCUMENTATION_COMMENTS = YES;
				CLANG_WARN_EMPTY_BODY = YES;
				CLANG_WARN_ENUM_CONVERSION = YES;
				CLANG_WARN_INFINITE_RECURSION = YES;
				CLANG_WARN_INT_CONVERSION = YES;
				CLANG_WARN_NON_LITERAL_NULL_CONVERSION = YES;
				CLANG_WARN_OBJC_IMPLICIT_RETAIN_SELF = YES;
				CLANG_WARN_OBJC_LITERAL_CONVERSION = YES;
				CLANG_WARN_OBJC_ROOT_CLASS = YES_ERROR;
				CLANG_WARN_RANGE_LOOP_ANALYSIS = YES;
				CLANG_WARN_STRICT_PROTOTYPES = YES;
				CLANG_WARN_SUSPICIOUS_MOVE = YES;
				CLANG_WARN_UNGUARDED_AVAILABILITY = YES_AGGRESSIVE;
				CLANG_WARN_UNREACHABLE_CODE = YES;
				CLANG_WARN__DUPLICATE_METHOD_MATCH = YES;
				CODE_SIGN_IDENTITY = "iPhone Developer";
				COPY_PHASE_STRIP = NO;
				DEBUG_INFORMATION_FORMAT = "dwarf-with-dsym";
				ENABLE_NS_ASSERTIONS = NO;
				ENABLE_STRICT_OBJC_MSGSEND = YES;
				GCC_C_LANGUAGE_STANDARD = gnu11;
				GCC_NO_COMMON_BLOCKS = YES;
				GCC_WARN_64_TO_32_BIT_CONVERSION = YES;
				GCC_WARN_ABOUT_RETURN_TYPE = YES_ERROR;
				GCC_WARN_UNDECLARED_SELECTOR = YES;
				GCC_WARN_UNINITIALIZED_AUTOS = YES_AGGRESSIVE;
				GCC_WARN_UNUSED_FUNCTION = YES;
				GCC_WARN_UNUSED_VARIABLE = YES;
				IPHONEOS_DEPLOYMENT_TARGET = 11.3;
				MTL_ENABLE_DEBUG_INFO = NO;
				SDKROOT = iphoneos;
				VALIDATE_PRODUCT = YES;
			};
			name = Release;
		};
		64090D4E22E835CD00CBAE1A /* Debug */ = {
			isa = XCBuildConfiguration;
			buildSettings = {
				ASSETCATALOG_COMPILER_APPICON_NAME = AppIcon;
				CODE_SIGN_STYLE = Automatic;
				INFOPLIST_FILE = "Xcode Project/Info.plist";
				LD_RUNPATH_SEARCH_PATHS = (
					"$(inherited)",
					"@executable_path/Frameworks",
				);
				PRODUCT_BUNDLE_IDENTIFIER = "DEMO.Xcode-Project";
				PRODUCT_NAME = "$(TARGET_NAME)";
				TARGETED_DEVICE_FAMILY = "1,2";
			};
			name = Debug;
		};
		64090D4F22E835CD00CBAE1A /* Release */ = {
			isa = XCBuildConfiguration;
			buildSettings = {
				ASSETCATALOG_COMPILER_APPICON_NAME = AppIcon;
				CODE_SIGN_STYLE = Automatic;
				INFOPLIST_FILE = "Xcode Project/Info.plist";
				LD_RUNPATH_SEARCH_PATHS = (
					"$(inherited)",
					"@executable_path/Frameworks",
				);
				PRODUCT_BUNDLE_IDENTIFIER = "DEMO.Xcode-Project";
				PRODUCT_NAME = "$(TARGET_NAME)";
				TARGETED_DEVICE_FAMILY = "1,2";
			};
			name = Release;
		};
		64090D5122E835CD00CBAE1A /* Debug */ = {
			isa = XCBuildConfiguration;
			buildSettings = {
				BUNDLE_LOADER = "$(TEST_HOST)";
				CODE_SIGN_STYLE = Automatic;
				INFOPLIST_FILE = "Xcode ProjectTests/Info.plist";
				LD_RUNPATH_SEARCH_PATHS = (
					"$(inherited)",
					"@executable_path/Frameworks",
					"@loader_path/Frameworks",
				);
				PRODUCT_BUNDLE_IDENTIFIER = "DEMO.Xcode-ProjectTests";
				PRODUCT_NAME = "$(TARGET_NAME)";
				TARGETED_DEVICE_FAMILY = "1,2";
				TEST_HOST = "$(BUILT_PRODUCTS_DIR)/Xcode Project.app/Xcode Project";
			};
			name = Debug;
		};
		64090D5222E835CD00CBAE1A /* Release */ = {
			isa = XCBuildConfiguration;
			buildSettings = {
				BUNDLE_LOADER = "$(TEST_HOST)";
				CODE_SIGN_STYLE = Automatic;
				INFOPLIST_FILE = "Xcode ProjectTests/Info.plist";
				LD_RUNPATH_SEARCH_PATHS = (
					"$(inherited)",
					"@executable_path/Frameworks",
					"@loader_path/Frameworks",
				);
				PRODUCT_BUNDLE_IDENTIFIER = "DEMO.Xcode-ProjectTests";
				PRODUCT_NAME = "$(TARGET_NAME)";
				TARGETED_DEVICE_FAMILY = "1,2";
				TEST_HOST = "$(BUILT_PRODUCTS_DIR)/Xcode Project.app/Xcode Project";
			};
			name = Release;
		};
		64090D5422E835CD00CBAE1A /* Debug */ = {
			isa = XCBuildConfiguration;
			buildSettings = {
				CODE_SIGN_STYLE = Automatic;
				INFOPLIST_FILE = "Xcode ProjectUITests/Info.plist";
				LD_RUNPATH_SEARCH_PATHS = (
					"$(inherited)",
					"@executable_path/Frameworks",
					"@loader_path/Frameworks",
				);
				PRODUCT_BUNDLE_IDENTIFIER = "DEMO.Xcode-ProjectUITests";
				PRODUCT_NAME = "$(TARGET_NAME)";
				TARGETED_DEVICE_FAMILY = "1,2";
				TEST_TARGET_NAME = "Xcode Project";
			};
			name = Debug;
		};
		64090D5522E835CD00CBAE1A /* Release */ = {
			isa = XCBuildConfiguration;
			buildSettings = {
				CODE_SIGN_STYLE = Automatic;
				INFOPLIST_FILE = "Xcode ProjectUITests/Info.plist";
				LD_RUNPATH_SEARCH_PATHS = (
					"$(inherited)",
					"@executable_path/Frameworks",
					"@loader_path/Frameworks",
				);
				PRODUCT_BUNDLE_IDENTIFIER = "DEMO.Xcode-ProjectUITests";
				PRODUCT_NAME = "$(TARGET_NAME)";
				TARGETED_DEVICE_FAMILY = "1,2";
				TEST_TARGET_NAME = "Xcode Project";
			};
			name = Release;
		};
/* End XCBuildConfiguration section */

/* Begin XCConfigurationList section */
		64090D1C22E835C200CBAE1A /* Build configuration list for PBXProject "Xcode Project" */ = {
			isa = XCConfigurationList;
			buildConfigurations = (
				64090D4B22E835CD00CBAE1A /* Debug */,
				64090D4C22E835CD00CBAE1A /* Release */,
			);
			defaultConfigurationIsVisible = 0;
			defaultConfigurationName = Release;
		};
		64090D4D22E835CD00CBAE1A /* Build configuration list for PBXNativeTarget "Xcode Project" */ = {
			isa = XCConfigurationList;
			buildConfigurations = (
				64090D4E22E835CD00CBAE1A /* Debug */,
				64090D4F22E835CD00CBAE1A /* Release */,
			);
			defaultConfigurationIsVisible = 0;
			defaultConfigurationName = Release;
		};
		64090D5022E835CD00CBAE1A /* Build configuration list for PBXNativeTarget "Xcode ProjectTests" */ = {
			isa = XCConfigurationList;
			buildConfigurations = (
				64090D5122E835CD00CBAE1A /* Debug */,
				64090D5222E835CD00CBAE1A /* Release */,
			);
			defaultConfigurationIsVisible = 0;
			defaultConfigurationName = Release;
		};
		64090D5322E835CD00CBAE1A /* Build configuration list for PBXNativeTarget "Xcode ProjectUITests" */ = {
			isa = XCConfigurationList;
			buildConfigurations = (
				64090D5422E835CD00CBAE1A /* Debug */,
				64090D5522E835CD00CBAE1A /* Release */,
			);
			defaultConfigurationIsVisible = 0;
			defaultConfigurationName = Release;
		};
/* End XCConfigurationList section */
	};
	rootObject = 64090D1922E835C200CBAE1A /* Project object */;
}
